// !$*UTF8*$!
{
	archiveVersion = 1;
	classes = {
	};
	objectVersion = 46;
	objects = {

/* Begin PBXBuildFile section */
		2835E8741DA02AB2007B742E /* keys.json in Resources */ = {isa = PBXBuildFile; fileRef = 2835E8721DA02906007B742E /* keys.json */; };
		28C7B4731D9F3B31009C772A /* AppDelegate.swift in Sources */ = {isa = PBXBuildFile; fileRef = 28C7B4721D9F3B31009C772A /* AppDelegate.swift */; };
		28C7B4751D9F3B31009C772A /* ViewController.swift in Sources */ = {isa = PBXBuildFile; fileRef = 28C7B4741D9F3B31009C772A /* ViewController.swift */; };
		28C7B4781D9F3B31009C772A /* Main.storyboard in Resources */ = {isa = PBXBuildFile; fileRef = 28C7B4761D9F3B31009C772A /* Main.storyboard */; };
		28C7B47A1D9F3B31009C772A /* Assets.xcassets in Resources */ = {isa = PBXBuildFile; fileRef = 28C7B4791D9F3B31009C772A /* Assets.xcassets */; };
		28C7B47D1D9F3B31009C772A /* LaunchScreen.storyboard in Resources */ = {isa = PBXBuildFile; fileRef = 28C7B47B1D9F3B31009C772A /* LaunchScreen.storyboard */; };
		28C7B4851D9F6420009C772A /* Zaim.swift in Sources */ = {isa = PBXBuildFile; fileRef = 28C7B4841D9F6420009C772A /* Zaim.swift */; };
		28C7B4871D9F69F0009C772A /* GenreSelecterViewController.swift in Sources */ = {isa = PBXBuildFile; fileRef = 28C7B4861D9F69F0009C772A /* GenreSelecterViewController.swift */; };
		28C7B4891D9F6C52009C772A /* AmountInputterViewController.swift in Sources */ = {isa = PBXBuildFile; fileRef = 28C7B4881D9F6C52009C772A /* AmountInputterViewController.swift */; };
		28C7B48B1D9F73D6009C772A /* InputCommentViewController.swift in Sources */ = {isa = PBXBuildFile; fileRef = 28C7B48A1D9F73D6009C772A /* InputCommentViewController.swift */; };
		D3A86782ED7B8B572D95334A /* Pods_zaimInputter.framework in Frameworks */ = {isa = PBXBuildFile; fileRef = 29266D93FDA486313636F25C /* Pods_zaimInputter.framework */; };
/* End PBXBuildFile section */

/* Begin PBXFileReference section */
		280D33101DA0C0D4000B6AC2 /* zaimInputter-Bridging-Header.h */ = {isa = PBXFileReference; lastKnownFileType = sourcecode.c.h; name = "zaimInputter-Bridging-Header.h"; path = "zaimInputter/zaimInputter-Bridging-Header.h"; sourceTree = "<group>"; };
		2835E8721DA02906007B742E /* keys.json */ = {isa = PBXFileReference; fileEncoding = 4; lastKnownFileType = text.json; path = keys.json; sourceTree = "<group>"; };
		28C7B46F1D9F3B31009C772A /* zaimInputter.app */ = {isa = PBXFileReference; explicitFileType = wrapper.application; includeInIndex = 0; path = zaimInputter.app; sourceTree = BUILT_PRODUCTS_DIR; };
		28C7B4721D9F3B31009C772A /* AppDelegate.swift */ = {isa = PBXFileReference; lastKnownFileType = sourcecode.swift; path = AppDelegate.swift; sourceTree = "<group>"; };
		28C7B4741D9F3B31009C772A /* ViewController.swift */ = {isa = PBXFileReference; lastKnownFileType = sourcecode.swift; path = ViewController.swift; sourceTree = "<group>"; };
		28C7B4771D9F3B31009C772A /* Base */ = {isa = PBXFileReference; lastKnownFileType = file.storyboard; name = Base; path = Base.lproj/Main.storyboard; sourceTree = "<group>"; };
		28C7B4791D9F3B31009C772A /* Assets.xcassets */ = {isa = PBXFileReference; lastKnownFileType = folder.assetcatalog; path = Assets.xcassets; sourceTree = "<group>"; };
		28C7B47C1D9F3B31009C772A /* Base */ = {isa = PBXFileReference; lastKnownFileType = file.storyboard; name = Base; path = Base.lproj/LaunchScreen.storyboard; sourceTree = "<group>"; };
		28C7B47E1D9F3B31009C772A /* Info.plist */ = {isa = PBXFileReference; lastKnownFileType = text.plist.xml; path = Info.plist; sourceTree = "<group>"; };
		28C7B4841D9F6420009C772A /* Zaim.swift */ = {isa = PBXFileReference; fileEncoding = 4; lastKnownFileType = sourcecode.swift; path = Zaim.swift; sourceTree = "<group>"; };
		28C7B4861D9F69F0009C772A /* GenreSelecterViewController.swift */ = {isa = PBXFileReference; fileEncoding = 4; lastKnownFileType = sourcecode.swift; path = GenreSelecterViewController.swift; sourceTree = "<group>"; };
		28C7B4881D9F6C52009C772A /* AmountInputterViewController.swift */ = {isa = PBXFileReference; fileEncoding = 4; lastKnownFileType = sourcecode.swift; path = AmountInputterViewController.swift; sourceTree = "<group>"; };
		28C7B48A1D9F73D6009C772A /* InputCommentViewController.swift */ = {isa = PBXFileReference; fileEncoding = 4; lastKnownFileType = sourcecode.swift; path = InputCommentViewController.swift; sourceTree = "<group>"; };
		29266D93FDA486313636F25C /* Pods_zaimInputter.framework */ = {isa = PBXFileReference; explicitFileType = wrapper.framework; includeInIndex = 0; path = Pods_zaimInputter.framework; sourceTree = BUILT_PRODUCTS_DIR; };
		3E5AFD99FA8F699386A09896 /* Pods-zaimInputter.release.xcconfig */ = {isa = PBXFileReference; includeInIndex = 1; lastKnownFileType = text.xcconfig; name = "Pods-zaimInputter.release.xcconfig"; path = "Pods/Target Support Files/Pods-zaimInputter/Pods-zaimInputter.release.xcconfig"; sourceTree = "<group>"; };
		4876075E5B732EC80686D031 /* Pods-zaimInputter.debug.xcconfig */ = {isa = PBXFileReference; includeInIndex = 1; lastKnownFileType = text.xcconfig; name = "Pods-zaimInputter.debug.xcconfig"; path = "Pods/Target Support Files/Pods-zaimInputter/Pods-zaimInputter.debug.xcconfig"; sourceTree = "<group>"; };
/* End PBXFileReference section */

/* Begin PBXFrameworksBuildPhase section */
		28C7B46C1D9F3B31009C772A /* Frameworks */ = {
			isa = PBXFrameworksBuildPhase;
			buildActionMask = 2147483647;
			files = (
				D3A86782ED7B8B572D95334A /* Pods_zaimInputter.framework in Frameworks */,
			);
			runOnlyForDeploymentPostprocessing = 0;
		};
/* End PBXFrameworksBuildPhase section */

/* Begin PBXGroup section */
		28C7B4661D9F3B31009C772A = {
			isa = PBXGroup;
			children = (
				280D33101DA0C0D4000B6AC2 /* zaimInputter-Bridging-Header.h */,
				28C7B4711D9F3B31009C772A /* zaimInputter */,
				28C7B4701D9F3B31009C772A /* Products */,
				B0BE76983D619FCCBA1F8D87 /* Pods */,
				5E28E086B936F9890506C1FB /* Frameworks */,
			);
			sourceTree = "<group>";
		};
		28C7B4701D9F3B31009C772A /* Products */ = {
			isa = PBXGroup;
			children = (
				28C7B46F1D9F3B31009C772A /* zaimInputter.app */,
			);
			name = Products;
			sourceTree = "<group>";
		};
		28C7B4711D9F3B31009C772A /* zaimInputter */ = {
			isa = PBXGroup;
			children = (
				2835E8721DA02906007B742E /* keys.json */,
				28C7B4721D9F3B31009C772A /* AppDelegate.swift */,
				28C7B4761D9F3B31009C772A /* Main.storyboard */,
				28C7B4791D9F3B31009C772A /* Assets.xcassets */,
				28C7B47B1D9F3B31009C772A /* LaunchScreen.storyboard */,
				28C7B47E1D9F3B31009C772A /* Info.plist */,
				28C7B4841D9F6420009C772A /* Zaim.swift */,
				28C7B4741D9F3B31009C772A /* ViewController.swift */,
				28C7B4861D9F69F0009C772A /* GenreSelecterViewController.swift */,
				28C7B4881D9F6C52009C772A /* AmountInputterViewController.swift */,
				28C7B48A1D9F73D6009C772A /* InputCommentViewController.swift */,
			);
			path = zaimInputter;
			sourceTree = "<group>";
		};
		5E28E086B936F9890506C1FB /* Frameworks */ = {
			isa = PBXGroup;
			children = (
				29266D93FDA486313636F25C /* Pods_zaimInputter.framework */,
			);
			name = Frameworks;
			sourceTree = "<group>";
		};
		B0BE76983D619FCCBA1F8D87 /* Pods */ = {
			isa = PBXGroup;
			children = (
				4876075E5B732EC80686D031 /* Pods-zaimInputter.debug.xcconfig */,
				3E5AFD99FA8F699386A09896 /* Pods-zaimInputter.release.xcconfig */,
			);
			name = Pods;
			sourceTree = "<group>";
		};
/* End PBXGroup section */

/* Begin PBXNativeTarget section */
		28C7B46E1D9F3B31009C772A /* zaimInputter */ = {
			isa = PBXNativeTarget;
			buildConfigurationList = 28C7B4811D9F3B31009C772A /* Build configuration list for PBXNativeTarget "zaimInputter" */;
			buildPhases = (
				6A494EDBEE28616378EE05D8 /* [CP] Check Pods Manifest.lock */,
				28C7B46B1D9F3B31009C772A /* Sources */,
				28C7B46C1D9F3B31009C772A /* Frameworks */,
				28C7B46D1D9F3B31009C772A /* Resources */,
				E21468374CEB452A16DD3B2A /* [CP] Embed Pods Frameworks */,
				6FCF5EEBB8644594901DEC97 /* [CP] Copy Pods Resources */,
			);
			buildRules = (
			);
			dependencies = (
			);
			name = zaimInputter;
			productName = zaimInputter;
			productReference = 28C7B46F1D9F3B31009C772A /* zaimInputter.app */;
			productType = "com.apple.product-type.application";
		};
/* End PBXNativeTarget section */

/* Begin PBXProject section */
		28C7B4671D9F3B31009C772A /* Project object */ = {
			isa = PBXProject;
			attributes = {
				LastSwiftUpdateCheck = 0730;
				LastUpgradeCheck = 0730;
				ORGANIZATIONNAME = "笹木信吾";
				TargetAttributes = {
					28C7B46E1D9F3B31009C772A = {
						CreatedOnToolsVersion = 7.3;
						DevelopmentTeam = QE9BYYM4RE;
					};
				};
			};
			buildConfigurationList = 28C7B46A1D9F3B31009C772A /* Build configuration list for PBXProject "zaimInputter" */;
			compatibilityVersion = "Xcode 3.2";
			developmentRegion = English;
			hasScannedForEncodings = 0;
			knownRegions = (
				en,
				Base,
			);
			mainGroup = 28C7B4661D9F3B31009C772A;
			productRefGroup = 28C7B4701D9F3B31009C772A /* Products */;
			projectDirPath = "";
			projectRoot = "";
			targets = (
				28C7B46E1D9F3B31009C772A /* zaimInputter */,
			);
		};
/* End PBXProject section */

/* Begin PBXResourcesBuildPhase section */
		28C7B46D1D9F3B31009C772A /* Resources */ = {
			isa = PBXResourcesBuildPhase;
			buildActionMask = 2147483647;
			files = (
				2835E8741DA02AB2007B742E /* keys.json in Resources */,
				28C7B47D1D9F3B31009C772A /* LaunchScreen.storyboard in Resources */,
				28C7B47A1D9F3B31009C772A /* Assets.xcassets in Resources */,
				28C7B4781D9F3B31009C772A /* Main.storyboard in Resources */,
			);
			runOnlyForDeploymentPostprocessing = 0;
		};
/* End PBXResourcesBuildPhase section */

/* Begin PBXShellScriptBuildPhase section */
		6A494EDBEE28616378EE05D8 /* [CP] Check Pods Manifest.lock */ = {
			isa = PBXShellScriptBuildPhase;
			buildActionMask = 2147483647;
			files = (
			);
			inputPaths = (
			);
			name = "[CP] Check Pods Manifest.lock";
			outputPaths = (
			);
			runOnlyForDeploymentPostprocessing = 0;
			shellPath = /bin/sh;
			shellScript = "diff \"${PODS_ROOT}/../Podfile.lock\" \"${PODS_ROOT}/Manifest.lock\" > /dev/null\nif [[ $? != 0 ]] ; then\n    cat << EOM\nerror: The sandbox is not in sync with the Podfile.lock. Run 'pod install' or update your CocoaPods installation.\nEOM\n    exit 1\nfi\n";
			showEnvVarsInLog = 0;
		};
		6FCF5EEBB8644594901DEC97 /* [CP] Copy Pods Resources */ = {
			isa = PBXShellScriptBuildPhase;
			buildActionMask = 2147483647;
			files = (
			);
			inputPaths = (
			);
			name = "[CP] Copy Pods Resources";
			outputPaths = (
			);
			runOnlyForDeploymentPostprocessing = 0;
			shellPath = /bin/sh;
			shellScript = "\"${SRCROOT}/Pods/Target Support Files/Pods-zaimInputter/Pods-zaimInputter-resources.sh\"\n";
			showEnvVarsInLog = 0;
		};
		E21468374CEB452A16DD3B2A /* [CP] Embed Pods Frameworks */ = {
			isa = PBXShellScriptBuildPhase;
			buildActionMask = 2147483647;
			files = (
			);
			inputPaths = (
			);
			name = "[CP] Embed Pods Frameworks";
			outputPaths = (
			);
			runOnlyForDeploymentPostprocessing = 0;
			shellPath = /bin/sh;
			shellScript = "\"${SRCROOT}/Pods/Target Support Files/Pods-zaimInputter/Pods-zaimInputter-frameworks.sh\"\n";
			showEnvVarsInLog = 0;
		};
/* End PBXShellScriptBuildPhase section */

/* Begin PBXSourcesBuildPhase section */
		28C7B46B1D9F3B31009C772A /* Sources */ = {
			isa = PBXSourcesBuildPhase;
			buildActionMask = 2147483647;
			files = (
				28C7B4891D9F6C52009C772A /* AmountInputterViewController.swift in Sources */,
				28C7B4851D9F6420009C772A /* Zaim.swift in Sources */,
				28C7B4871D9F69F0009C772A /* GenreSelecterViewController.swift in Sources */,
				28C7B4751D9F3B31009C772A /* ViewController.swift in Sources */,
				28C7B48B1D9F73D6009C772A /* InputCommentViewController.swift in Sources */,
				28C7B4731D9F3B31009C772A /* AppDelegate.swift in Sources */,
			);
			runOnlyForDeploymentPostprocessing = 0;
		};
/* End PBXSourcesBuildPhase section */

/* Begin PBXVariantGroup section */
		28C7B4761D9F3B31009C772A /* Main.storyboard */ = {
			isa = PBXVariantGroup;
			children = (
				28C7B4771D9F3B31009C772A /* Base */,
			);
			name = Main.storyboard;
			sourceTree = "<group>";
		};
		28C7B47B1D9F3B31009C772A /* LaunchScreen.storyboard */ = {
			isa = PBXVariantGroup;
			children = (
				28C7B47C1D9F3B31009C772A /* Base */,
			);
			name = LaunchScreen.storyboard;
			sourceTree = "<group>";
		};
/* End PBXVariantGroup section */

/* Begin XCBuildConfiguration section */
		28C7B47F1D9F3B31009C772A /* Debug */ = {
			isa = XCBuildConfiguration;
			buildSettings = {
				ALWAYS_SEARCH_USER_PATHS = NO;
				CLANG_ANALYZER_NONNULL = YES;
				CLANG_CXX_LANGUAGE_STANDARD = "gnu++0x";
				CLANG_CXX_LIBRARY = "libc++";
				CLANG_ENABLE_MODULES = YES;
				CLANG_ENABLE_OBJC_ARC = YES;
				CLANG_WARN_BOOL_CONVERSION = YES;
				CLANG_WARN_CONSTANT_CONVERSION = YES;
				CLANG_WARN_DIRECT_OBJC_ISA_USAGE = YES_ERROR;
				CLANG_WARN_EMPTY_BODY = YES;
				CLANG_WARN_ENUM_CONVERSION = YES;
				CLANG_WARN_INT_CONVERSION = YES;
				CLANG_WARN_OBJC_ROOT_CLASS = YES_ERROR;
				CLANG_WARN_UNREACHABLE_CODE = YES;
				CLANG_WARN__DUPLICATE_METHOD_MATCH = YES;
				"CODE_SIGN_IDENTITY[sdk=iphoneos*]" = "iPhone Developer";
				COPY_PHASE_STRIP = NO;
				DEBUG_INFORMATION_FORMAT = dwarf;
				ENABLE_STRICT_OBJC_MSGSEND = YES;
				ENABLE_TESTABILITY = YES;
				GCC_C_LANGUAGE_STANDARD = gnu99;
				GCC_DYNAMIC_NO_PIC = NO;
				GCC_NO_COMMON_BLOCKS = YES;
				GCC_OPTIMIZATION_LEVEL = 0;
				GCC_PREPROCESSOR_DEFINITIONS = (
					"DEBUG=1",
					"$(inherited)",
				);
				GCC_WARN_64_TO_32_BIT_CONVERSION = YES;
				GCC_WARN_ABOUT_RETURN_TYPE = YES_ERROR;
				GCC_WARN_UNDECLARED_SELECTOR = YES;
				GCC_WARN_UNINITIALIZED_AUTOS = YES_AGGRESSIVE;
				GCC_WARN_UNUSED_FUNCTION = YES;
				GCC_WARN_UNUSED_VARIABLE = YES;
				IPHONEOS_DEPLOYMENT_TARGET = 9.3;
				MTL_ENABLE_DEBUG_INFO = YES;
				ONLY_ACTIVE_ARCH = YES;
				SDKROOT = iphoneos;
				SWIFT_OBJC_BRIDGING_HEADER = "zaimInputter/zaimInputter-Bridging-Header.h";
				SWIFT_OPTIMIZATION_LEVEL = "-Onone";
				TARGETED_DEVICE_FAMILY = "1,2";
			};
			name = Debug;
		};
		28C7B4801D9F3B31009C772A /* Release */ = {
			isa = XCBuildConfiguration;
			buildSettings = {
				ALWAYS_SEARCH_USER_PATHS = NO;
				CLANG_ANALYZER_NONNULL = YES;
				CLANG_CXX_LANGUAGE_STANDARD = "gnu++0x";
				CLANG_CXX_LIBRARY = "libc++";
				CLANG_ENABLE_MODULES = YES;
				CLANG_ENABLE_OBJC_ARC = YES;
				CLANG_WARN_BOOL_CONVERSION = YES;
				CLANG_WARN_CONSTANT_CONVERSION = YES;
				CLANG_WARN_DIRECT_OBJC_ISA_USAGE = YES_ERROR;
				CLANG_WARN_EMPTY_BODY = YES;
				CLANG_WARN_ENUM_CONVERSION = YES;
				CLANG_WARN_INT_CONVERSION = YES;
				CLANG_WARN_OBJC_ROOT_CLASS = YES_ERROR;
				CLANG_WARN_UNREACHABLE_CODE = YES;
				CLANG_WARN__DUPLICATE_METHOD_MATCH = YES;
				"CODE_SIGN_IDENTITY[sdk=iphoneos*]" = "iPhone Developer";
				COPY_PHASE_STRIP = NO;
				DEBUG_INFORMATION_FORMAT = "dwarf-with-dsym";
				ENABLE_NS_ASSERTIONS = NO;
				ENABLE_STRICT_OBJC_MSGSEND = YES;
				GCC_C_LANGUAGE_STANDARD = gnu99;
				GCC_NO_COMMON_BLOCKS = YES;
				GCC_WARN_64_TO_32_BIT_CONVERSION = YES;
				GCC_WARN_ABOUT_RETURN_TYPE = YES_ERROR;
				GCC_WARN_UNDECLARED_SELECTOR = YES;
				GCC_WARN_UNINITIALIZED_AUTOS = YES_AGGRESSIVE;
				GCC_WARN_UNUSED_FUNCTION = YES;
				GCC_WARN_UNUSED_VARIABLE = YES;
				IPHONEOS_DEPLOYMENT_TARGET = 9.3;
				MTL_ENABLE_DEBUG_INFO = NO;
				SDKROOT = iphoneos;
				SWIFT_OBJC_BRIDGING_HEADER = "zaimInputter/zaimInputter-Bridging-Header.h";
				TARGETED_DEVICE_FAMILY = "1,2";
				VALIDATE_PRODUCT = YES;
			};
			name = Release;
		};
		28C7B4821D9F3B31009C772A /* Debug */ = {
			isa = XCBuildConfiguration;
			baseConfigurationReference = 4876075E5B732EC80686D031 /* Pods-zaimInputter.debug.xcconfig */;
			buildSettings = {
				ASSETCATALOG_COMPILER_APPICON_NAME = AppIcon;
				INFOPLIST_FILE = zaimInputter/Info.plist;
				LD_RUNPATH_SEARCH_PATHS = "$(inherited) @executable_path/Frameworks";
				PRODUCT_BUNDLE_IDENTIFIER = com.example.sasaki.zaimInputter;
				PRODUCT_NAME = "$(TARGET_NAME)";
			};
			name = Debug;
		};
		28C7B4831D9F3B31009C772A /* Release */ = {
			isa = XCBuildConfiguration;
			baseConfigurationReference = 3E5AFD99FA8F699386A09896 /* Pods-zaimInputter.release.xcconfig */;
			buildSettings = {
				ASSETCATALOG_COMPILER_APPICON_NAME = AppIcon;
				INFOPLIST_FILE = zaimInputter/Info.plist;
				LD_RUNPATH_SEARCH_PATHS = "$(inherited) @executable_path/Frameworks";
				PRODUCT_BUNDLE_IDENTIFIER = com.example.sasaki.zaimInputter;
				PRODUCT_NAME = "$(TARGET_NAME)";
			};
			name = Release;
		};
/* End XCBuildConfiguration section */

/* Begin XCConfigurationList section */
		28C7B46A1D9F3B31009C772A /* Build configuration list for PBXProject "zaimInputter" */ = {
			isa = XCConfigurationList;
			buildConfigurations = (
				28C7B47F1D9F3B31009C772A /* Debug */,
				28C7B4801D9F3B31009C772A /* Release */,
			);
			defaultConfigurationIsVisible = 0;
			defaultConfigurationName = Release;
		};
		28C7B4811D9F3B31009C772A /* Build configuration list for PBXNativeTarget "zaimInputter" */ = {
			isa = XCConfigurationList;
			buildConfigurations = (
				28C7B4821D9F3B31009C772A /* Debug */,
				28C7B4831D9F3B31009C772A /* Release */,
			);
			defaultConfigurationIsVisible = 0;
			defaultConfigurationName = Release;
		};
/* End XCConfigurationList section */
	};
	rootObject = 28C7B4671D9F3B31009C772A /* Project object */;
}
